
Microsoft Visual Studio Solution File, Format Version 12.00
# Visual Studio Version 17
VisualStudioVersion = 17.9.34714.143
MinimumVisualStudioVersion = 10.0.40219.1
Project("{FAE04EC0-301F-11D3-BF4B-00C04F79EFBC}") = "demo-api", "demo-api.csproj", "{99D5503D-908F-4CA6-8B32-BA8C98FC07A1}"
EndProject
Global
	GlobalSection(SolutionConfigurationPlatforms) = preSolution
		Debug|Any CPU = Debug|Any CPU
		Release|Any CPU = Release|Any CPU
	EndGlobalSection
	GlobalSection(ProjectConfigurationPlatforms) = postSolution
		{99D5503D-908F-4CA6-8B32-BA8C98FC07A1}.Debug|Any CPU.ActiveCfg = Debug|Any CPU
		{99D5503D-908F-4CA6-8B32-BA8C98FC07A1}.Debug|Any CPU.Build.0 = Debug|Any CPU
		{99D5503D-908F-4CA6-8B32-BA8C98FC07A1}.Release|Any CPU.ActiveCfg = Release|Any CPU
		{99D5503D-908F-4CA6-8B32-BA8C98FC07A1}.Release|Any CPU.Build.0 = Release|Any CPU
	EndGlobalSection
	GlobalSection(SolutionProperties) = preSolution
		HideSolutionNode = FALSE
	EndGlobalSection
	GlobalSection(ExtensibilityGlobals) = postSolution
		SolutionGuid = {43AB95FB-7625-4D3E-9AF3-0388347AD0F9}
	EndGlobalSection
EndGlobal
